// !$*UTF8*$!
{
	archiveVersion = 1;
	classes = {
	};
	objectVersion = 56;
	objects = {

/* Begin PBXBuildFile section */
		573A7C6829B0B5E5006FF7DE /* NewWorkoutController.swift in Sources */ = {isa = PBXBuildFile; fileRef = 573A7C6729B0B5E5006FF7DE /* NewWorkoutController.swift */; };
		573A7C6B29B0B72F006FF7DE /* TitleAndCloseButtonUIView.swift in Sources */ = {isa = PBXBuildFile; fileRef = 573A7C6A29B0B72F006FF7DE /* TitleAndCloseButtonUIView.swift */; };
		573A7C6D29B0F51A006FF7DE /* WorkoutInputNameView.swift in Sources */ = {isa = PBXBuildFile; fileRef = 573A7C6C29B0F51A006FF7DE /* WorkoutInputNameView.swift */; };
		573A7C6F29B0FE71006FF7DE /* DateAndRepeatView.swift in Sources */ = {isa = PBXBuildFile; fileRef = 573A7C6E29B0FE71006FF7DE /* DateAndRepeatView.swift */; };
		573A7C7129B1085C006FF7DE /* RepsOrTimerView.swift in Sources */ = {isa = PBXBuildFile; fileRef = 573A7C7029B1085C006FF7DE /* RepsOrTimerView.swift */; };
		573A7C8229B28B44006FF7DE /* UIGreenSlider.swift in Sources */ = {isa = PBXBuildFile; fileRef = 573A7C8129B28B44006FF7DE /* UIGreenSlider.swift */; };
		573A7C8429B28BC4006FF7DE /* WrapperSliderAndLabelView.swift in Sources */ = {isa = PBXBuildFile; fileRef = 573A7C8329B28BC4006FF7DE /* WrapperSliderAndLabelView.swift */; };
		579A0C2B29A41A080090D715 /* AppDelegate.swift in Sources */ = {isa = PBXBuildFile; fileRef = 579A0C2A29A41A080090D715 /* AppDelegate.swift */; };
		579A0C2D29A41A080090D715 /* SceneDelegate.swift in Sources */ = {isa = PBXBuildFile; fileRef = 579A0C2C29A41A080090D715 /* SceneDelegate.swift */; };
		579A0C2F29A41A080090D715 /* MainViewController.swift in Sources */ = {isa = PBXBuildFile; fileRef = 579A0C2E29A41A080090D715 /* MainViewController.swift */; };
		579A0C3729A41A0A0090D715 /* LaunchScreen.storyboard in Resources */ = {isa = PBXBuildFile; fileRef = 579A0C3529A41A0A0090D715 /* LaunchScreen.storyboard */; };
		579A0C4429A4329D0090D715 /* CalendarUIView.swift in Sources */ = {isa = PBXBuildFile; fileRef = 579A0C4329A4329D0090D715 /* CalendarUIView.swift */; };
		579A0C4629A449B30090D715 /* WeatherUIView.swift in Sources */ = {isa = PBXBuildFile; fileRef = 579A0C4529A449B30090D715 /* WeatherUIView.swift */; };
		579A0C4C29A458170090D715 /* Assets.xcassets in Resources */ = {isa = PBXBuildFile; fileRef = 579A0C4B29A458170090D715 /* Assets.xcassets */; };
		57DD8F0729AD4E3300B12D06 /* MainTabBarControllerMainTabBarController.swift in Sources */ = {isa = PBXBuildFile; fileRef = 57DD8F0629AD4E3300B12D06 /* MainTabBarControllerMainTabBarController.swift */; };
		57F9964729B3BA930062E8E9 /* UIButton + Extensions.swift in Sources */ = {isa = PBXBuildFile; fileRef = 57F9964629B3BA930062E8E9 /* UIButton + Extensions.swift */; };
		57F9964929B3BC910062E8E9 /* CircleCloseButton.swift in Sources */ = {isa = PBXBuildFile; fileRef = 57F9964829B3BC910062E8E9 /* CircleCloseButton.swift */; };
		57FAE4BD29A6BA6F004DFE2E /* UIView + Extensions.swift in Sources */ = {isa = PBXBuildFile; fileRef = 57FAE4BC29A6BA6F004DFE2E /* UIView + Extensions.swift */; };
		57FAE4BF29A6BAE8004DFE2E /* UIColor + Extensions.swift in Sources */ = {isa = PBXBuildFile; fileRef = 57FAE4BE29A6BAE8004DFE2E /* UIColor + Extensions.swift */; };
		57FAE4C129A6BB1F004DFE2E /* UIFont + Extensions.swift in Sources */ = {isa = PBXBuildFile; fileRef = 57FAE4C029A6BB1F004DFE2E /* UIFont + Extensions.swift */; };
		57FAE4C729A6CB34004DFE2E /* Roboto-Medium.ttf in Resources */ = {isa = PBXBuildFile; fileRef = 57FAE4C529A6CB34004DFE2E /* Roboto-Medium.ttf */; };
		57FAE4C829A6CB34004DFE2E /* Roboto-Bold.ttf in Resources */ = {isa = PBXBuildFile; fileRef = 57FAE4C629A6CB34004DFE2E /* Roboto-Bold.ttf */; };
		57FAE4CD29A6E896004DFE2E /* CalendarCollectionView.swift in Sources */ = {isa = PBXBuildFile; fileRef = 57FAE4CC29A6E896004DFE2E /* CalendarCollectionView.swift */; };
		57FAE4D129A6EB02004DFE2E /* CalendarCollectionViewCell.swift in Sources */ = {isa = PBXBuildFile; fileRef = 57FAE4D029A6EB02004DFE2E /* CalendarCollectionViewCell.swift */; };
		57FAE50129A8F786004DFE2E /* ViewWhenTableIsEmty.swift in Sources */ = {isa = PBXBuildFile; fileRef = 57FAE50029A8F786004DFE2E /* ViewWhenTableIsEmty.swift */; };
		57FAE50329A91574004DFE2E /* WorkOutTasksView.swift in Sources */ = {isa = PBXBuildFile; fileRef = 57FAE50229A91573004DFE2E /* WorkOutTasksView.swift */; };
		57FAE50829A91761004DFE2E /* WorkoutTasksTableView.swift in Sources */ = {isa = PBXBuildFile; fileRef = 57FAE50729A91761004DFE2E /* WorkoutTasksTableView.swift */; };
		57FAE50A29A9190B004DFE2E /* WorkoutTasksTableViewCell.swift in Sources */ = {isa = PBXBuildFile; fileRef = 57FAE50929A9190B004DFE2E /* WorkoutTasksTableViewCell.swift */; };
		57FAE50C29A97448004DFE2E /* UIStackView + Extensions.swift in Sources */ = {isa = PBXBuildFile; fileRef = 57FAE50B29A97448004DFE2E /* UIStackView + Extensions.swift */; };
		57FAE51229AA1154004DFE2E /* StatisticsViewController.swift in Sources */ = {isa = PBXBuildFile; fileRef = 57FAE51129AA1154004DFE2E /* StatisticsViewController.swift */; };
		57FAE51429AA11EF004DFE2E /* UILabel + Extensions.swift in Sources */ = {isa = PBXBuildFile; fileRef = 57FAE51329AA11EF004DFE2E /* UILabel + Extensions.swift */; };
		57FAE51729AA2249004DFE2E /* StatisticTableView.swift in Sources */ = {isa = PBXBuildFile; fileRef = 57FAE51629AA2249004DFE2E /* StatisticTableView.swift */; };
		57FAE51929AA3478004DFE2E /* StatisticTableViewCell.swift in Sources */ = {isa = PBXBuildFile; fileRef = 57FAE51829AA3478004DFE2E /* StatisticTableViewCell.swift */; };
		57FAE51B29AA7FD7004DFE2E /* UIImage + Extension.swift in Sources */ = {isa = PBXBuildFile; fileRef = 57FAE51A29AA7FD7004DFE2E /* UIImage + Extension.swift */; };
		57FAE52629AAAA59004DFE2E /* HeaderUIView.swift in Sources */ = {isa = PBXBuildFile; fileRef = 57FAE52529AAAA59004DFE2E /* HeaderUIView.swift */; };
/* End PBXBuildFile section */

/* Begin PBXFileReference section */
		573A7C6729B0B5E5006FF7DE /* NewWorkoutController.swift */ = {isa = PBXFileReference; lastKnownFileType = sourcecode.swift; path = NewWorkoutController.swift; sourceTree = "<group>"; };
		573A7C6A29B0B72F006FF7DE /* TitleAndCloseButtonUIView.swift */ = {isa = PBXFileReference; lastKnownFileType = sourcecode.swift; path = TitleAndCloseButtonUIView.swift; sourceTree = "<group>"; };
		573A7C6C29B0F51A006FF7DE /* WorkoutInputNameView.swift */ = {isa = PBXFileReference; lastKnownFileType = sourcecode.swift; path = WorkoutInputNameView.swift; sourceTree = "<group>"; };
		573A7C6E29B0FE71006FF7DE /* DateAndRepeatView.swift */ = {isa = PBXFileReference; lastKnownFileType = sourcecode.swift; path = DateAndRepeatView.swift; sourceTree = "<group>"; };
		573A7C7029B1085C006FF7DE /* RepsOrTimerView.swift */ = {isa = PBXFileReference; lastKnownFileType = sourcecode.swift; path = RepsOrTimerView.swift; sourceTree = "<group>"; };
		573A7C8129B28B44006FF7DE /* UIGreenSlider.swift */ = {isa = PBXFileReference; lastKnownFileType = sourcecode.swift; path = UIGreenSlider.swift; sourceTree = "<group>"; };
		573A7C8329B28BC4006FF7DE /* WrapperSliderAndLabelView.swift */ = {isa = PBXFileReference; lastKnownFileType = sourcecode.swift; path = WrapperSliderAndLabelView.swift; sourceTree = "<group>"; };
		579A0C2729A41A080090D715 /* tonus.app */ = {isa = PBXFileReference; explicitFileType = wrapper.application; includeInIndex = 0; path = tonus.app; sourceTree = BUILT_PRODUCTS_DIR; };
		579A0C2A29A41A080090D715 /* AppDelegate.swift */ = {isa = PBXFileReference; lastKnownFileType = sourcecode.swift; path = AppDelegate.swift; sourceTree = "<group>"; };
		579A0C2C29A41A080090D715 /* SceneDelegate.swift */ = {isa = PBXFileReference; lastKnownFileType = sourcecode.swift; path = SceneDelegate.swift; sourceTree = "<group>"; };
		579A0C2E29A41A080090D715 /* MainViewController.swift */ = {isa = PBXFileReference; lastKnownFileType = sourcecode.swift; path = MainViewController.swift; sourceTree = "<group>"; };
		579A0C3629A41A0A0090D715 /* Base */ = {isa = PBXFileReference; lastKnownFileType = file.storyboard; name = Base; path = Base.lproj/LaunchScreen.storyboard; sourceTree = "<group>"; };
		579A0C3829A41A0A0090D715 /* Info.plist */ = {isa = PBXFileReference; lastKnownFileType = text.plist.xml; path = Info.plist; sourceTree = "<group>"; };
		579A0C4329A4329D0090D715 /* CalendarUIView.swift */ = {isa = PBXFileReference; lastKnownFileType = sourcecode.swift; path = CalendarUIView.swift; sourceTree = "<group>"; };
		579A0C4529A449B30090D715 /* WeatherUIView.swift */ = {isa = PBXFileReference; lastKnownFileType = sourcecode.swift; path = WeatherUIView.swift; sourceTree = "<group>"; };
		579A0C4B29A458170090D715 /* Assets.xcassets */ = {isa = PBXFileReference; lastKnownFileType = folder.assetcatalog; path = Assets.xcassets; sourceTree = "<group>"; };
		57DD8F0629AD4E3300B12D06 /* MainTabBarControllerMainTabBarController.swift */ = {isa = PBXFileReference; lastKnownFileType = sourcecode.swift; path = MainTabBarControllerMainTabBarController.swift; sourceTree = "<group>"; };
		57F9964629B3BA930062E8E9 /* UIButton + Extensions.swift */ = {isa = PBXFileReference; lastKnownFileType = sourcecode.swift; path = "UIButton + Extensions.swift"; sourceTree = "<group>"; };
		57F9964829B3BC910062E8E9 /* CircleCloseButton.swift */ = {isa = PBXFileReference; lastKnownFileType = sourcecode.swift; path = CircleCloseButton.swift; sourceTree = "<group>"; };
		57FAE4BC29A6BA6F004DFE2E /* UIView + Extensions.swift */ = {isa = PBXFileReference; lastKnownFileType = sourcecode.swift; path = "UIView + Extensions.swift"; sourceTree = "<group>"; };
		57FAE4BE29A6BAE8004DFE2E /* UIColor + Extensions.swift */ = {isa = PBXFileReference; lastKnownFileType = sourcecode.swift; path = "UIColor + Extensions.swift"; sourceTree = "<group>"; };
		57FAE4C029A6BB1F004DFE2E /* UIFont + Extensions.swift */ = {isa = PBXFileReference; lastKnownFileType = sourcecode.swift; path = "UIFont + Extensions.swift"; sourceTree = "<group>"; };
		57FAE4C529A6CB34004DFE2E /* Roboto-Medium.ttf */ = {isa = PBXFileReference; lastKnownFileType = file; path = "Roboto-Medium.ttf"; sourceTree = "<group>"; };
		57FAE4C629A6CB34004DFE2E /* Roboto-Bold.ttf */ = {isa = PBXFileReference; lastKnownFileType = file; path = "Roboto-Bold.ttf"; sourceTree = "<group>"; };
		57FAE4CC29A6E896004DFE2E /* CalendarCollectionView.swift */ = {isa = PBXFileReference; lastKnownFileType = sourcecode.swift; path = CalendarCollectionView.swift; sourceTree = "<group>"; };
		57FAE4D029A6EB02004DFE2E /* CalendarCollectionViewCell.swift */ = {isa = PBXFileReference; lastKnownFileType = sourcecode.swift; path = CalendarCollectionViewCell.swift; sourceTree = "<group>"; };
		57FAE50029A8F786004DFE2E /* ViewWhenTableIsEmty.swift */ = {isa = PBXFileReference; lastKnownFileType = sourcecode.swift; path = ViewWhenTableIsEmty.swift; sourceTree = "<group>"; };
		57FAE50229A91573004DFE2E /* WorkOutTasksView.swift */ = {isa = PBXFileReference; lastKnownFileType = sourcecode.swift; path = WorkOutTasksView.swift; sourceTree = "<group>"; };
		57FAE50729A91761004DFE2E /* WorkoutTasksTableView.swift */ = {isa = PBXFileReference; lastKnownFileType = sourcecode.swift; path = WorkoutTasksTableView.swift; sourceTree = "<group>"; };
		57FAE50929A9190B004DFE2E /* WorkoutTasksTableViewCell.swift */ = {isa = PBXFileReference; lastKnownFileType = sourcecode.swift; path = WorkoutTasksTableViewCell.swift; sourceTree = "<group>"; };
		57FAE50B29A97448004DFE2E /* UIStackView + Extensions.swift */ = {isa = PBXFileReference; lastKnownFileType = sourcecode.swift; path = "UIStackView + Extensions.swift"; sourceTree = "<group>"; };
		57FAE51129AA1154004DFE2E /* StatisticsViewController.swift */ = {isa = PBXFileReference; lastKnownFileType = sourcecode.swift; path = StatisticsViewController.swift; sourceTree = "<group>"; };
		57FAE51329AA11EF004DFE2E /* UILabel + Extensions.swift */ = {isa = PBXFileReference; lastKnownFileType = sourcecode.swift; path = "UILabel + Extensions.swift"; sourceTree = "<group>"; };
		57FAE51629AA2249004DFE2E /* StatisticTableView.swift */ = {isa = PBXFileReference; lastKnownFileType = sourcecode.swift; path = StatisticTableView.swift; sourceTree = "<group>"; };
		57FAE51829AA3478004DFE2E /* StatisticTableViewCell.swift */ = {isa = PBXFileReference; lastKnownFileType = sourcecode.swift; path = StatisticTableViewCell.swift; sourceTree = "<group>"; };
		57FAE51A29AA7FD7004DFE2E /* UIImage + Extension.swift */ = {isa = PBXFileReference; lastKnownFileType = sourcecode.swift; path = "UIImage + Extension.swift"; sourceTree = "<group>"; };
		57FAE52529AAAA59004DFE2E /* HeaderUIView.swift */ = {isa = PBXFileReference; lastKnownFileType = sourcecode.swift; path = HeaderUIView.swift; sourceTree = "<group>"; };
/* End PBXFileReference section */

/* Begin PBXFrameworksBuildPhase section */
		579A0C2429A41A080090D715 /* Frameworks */ = {
			isa = PBXFrameworksBuildPhase;
			buildActionMask = 2147483647;
			files = (
			);
			runOnlyForDeploymentPostprocessing = 0;
		};
/* End PBXFrameworksBuildPhase section */

/* Begin PBXGroup section */
		573A7C6329B0B5AB006FF7DE /* NewWorkoutModule */ = {
			isa = PBXGroup;
			children = (
				573A7C6529B0B5BF006FF7DE /* Contrtollers */,
				573A7C6429B0B5B9006FF7DE /* Views */,
			);
			path = NewWorkoutModule;
			sourceTree = "<group>";
		};
		573A7C6429B0B5B9006FF7DE /* Views */ = {
			isa = PBXGroup;
			children = (
				573A7C6C29B0F51A006FF7DE /* WorkoutInputNameView.swift */,
				573A7C6E29B0FE71006FF7DE /* DateAndRepeatView.swift */,
				573A7C7029B1085C006FF7DE /* RepsOrTimerView.swift */,
			);
			path = Views;
			sourceTree = "<group>";
		};
		573A7C6529B0B5BF006FF7DE /* Contrtollers */ = {
			isa = PBXGroup;
			children = (
				573A7C6729B0B5E5006FF7DE /* NewWorkoutController.swift */,
			);
			path = Contrtollers;
			sourceTree = "<group>";
		};
		573A7C6929B0B6DF006FF7DE /* reusableUIViews */ = {
			isa = PBXGroup;
			children = (
				573A7C6A29B0B72F006FF7DE /* TitleAndCloseButtonUIView.swift */,
			);
			path = reusableUIViews;
			sourceTree = "<group>";
		};
		573A7C7429B26DE9006FF7DE /* SpecialUIComponents */ = {
			isa = PBXGroup;
			children = (
				573A7C8529B28BD1006FF7DE /* configSubviews */,
				573A7C8129B28B44006FF7DE /* UIGreenSlider.swift */,
				57F9964829B3BC910062E8E9 /* CircleCloseButton.swift */,
			);
			path = SpecialUIComponents;
			sourceTree = "<group>";
		};
		573A7C8529B28BD1006FF7DE /* configSubviews */ = {
			isa = PBXGroup;
			children = (
				573A7C8329B28BC4006FF7DE /* WrapperSliderAndLabelView.swift */,
			);
			path = configSubviews;
			sourceTree = "<group>";
		};
		579A0C1E29A41A080090D715 = {
			isa = PBXGroup;
			children = (
				579A0C2929A41A080090D715 /* tonus */,
				579A0C2829A41A080090D715 /* Products */,
			);
			sourceTree = "<group>";
		};
		579A0C2829A41A080090D715 /* Products */ = {
			isa = PBXGroup;
			children = (
				579A0C2729A41A080090D715 /* tonus.app */,
			);
			name = Products;
			sourceTree = "<group>";
		};
		579A0C2929A41A080090D715 /* tonus */ = {
			isa = PBXGroup;
			children = (
				573A7C6929B0B6DF006FF7DE /* reusableUIViews */,
				573A7C6329B0B5AB006FF7DE /* NewWorkoutModule */,
				57FAE50D29AA10DB004DFE2E /* StatisticModule */,
				579A0C3E29A41F710090D715 /* MainModule */,
				57DD8F0329AD4DF000B12D06 /* NavigationModule */,
				57FAE4BB29A6BA1E004DFE2E /* Extenstions + UIComponents */,
				579A0C4029A41FAE0090D715 /* Application */,
				579A0C3F29A41F830090D715 /* Supporting */,
			);
			path = tonus;
			sourceTree = "<group>";
		};
		579A0C3E29A41F710090D715 /* MainModule */ = {
			isa = PBXGroup;
			children = (
				579A0C4229A41FE60090D715 /* Views */,
				579A0C4129A41FD50090D715 /* Controllers */,
			);
			path = MainModule;
			sourceTree = "<group>";
		};
		579A0C3F29A41F830090D715 /* Supporting */ = {
			isa = PBXGroup;
			children = (
				57FAE4C429A6CB11004DFE2E /* Fonts */,
				579A0C3529A41A0A0090D715 /* LaunchScreen.storyboard */,
				579A0C3829A41A0A0090D715 /* Info.plist */,
				579A0C4B29A458170090D715 /* Assets.xcassets */,
			);
			path = Supporting;
			sourceTree = "<group>";
		};
		579A0C4029A41FAE0090D715 /* Application */ = {
			isa = PBXGroup;
			children = (
				579A0C2C29A41A080090D715 /* SceneDelegate.swift */,
				579A0C2A29A41A080090D715 /* AppDelegate.swift */,
			);
			path = Application;
			sourceTree = "<group>";
		};
		579A0C4129A41FD50090D715 /* Controllers */ = {
			isa = PBXGroup;
			children = (
				579A0C2E29A41A080090D715 /* MainViewController.swift */,
			);
			path = Controllers;
			sourceTree = "<group>";
		};
		579A0C4229A41FE60090D715 /* Views */ = {
			isa = PBXGroup;
			children = (
				57FAE52229AAA975004DFE2E /* header */,
				57FAE50429A9170C004DFE2E /* workoutsTasks */,
				57FAE4C929A6E4C5004DFE2E /* calendarView */,
				579A0C4529A449B30090D715 /* WeatherUIView.swift */,
			);
			path = Views;
			sourceTree = "<group>";
		};
		57DD8F0329AD4DF000B12D06 /* NavigationModule */ = {
			isa = PBXGroup;
			children = (
				57DD8F0629AD4E3300B12D06 /* MainTabBarControllerMainTabBarController.swift */,
			);
			path = NavigationModule;
			sourceTree = "<group>";
		};
		57FAE4BB29A6BA1E004DFE2E /* Extenstions + UIComponents */ = {
			isa = PBXGroup;
			children = (
				573A7C7429B26DE9006FF7DE /* SpecialUIComponents */,
				57FAE4BC29A6BA6F004DFE2E /* UIView + Extensions.swift */,
				57FAE4BE29A6BAE8004DFE2E /* UIColor + Extensions.swift */,
				57FAE4C029A6BB1F004DFE2E /* UIFont + Extensions.swift */,
				57FAE50B29A97448004DFE2E /* UIStackView + Extensions.swift */,
				57FAE51329AA11EF004DFE2E /* UILabel + Extensions.swift */,
				57FAE51A29AA7FD7004DFE2E /* UIImage + Extension.swift */,
				57F9964629B3BA930062E8E9 /* UIButton + Extensions.swift */,
			);
			path = "Extenstions + UIComponents";
			sourceTree = "<group>";
		};
		57FAE4C429A6CB11004DFE2E /* Fonts */ = {
			isa = PBXGroup;
			children = (
				57FAE4C629A6CB34004DFE2E /* Roboto-Bold.ttf */,
				57FAE4C529A6CB34004DFE2E /* Roboto-Medium.ttf */,
			);
			path = Fonts;
			sourceTree = "<group>";
		};
		57FAE4C929A6E4C5004DFE2E /* calendarView */ = {
			isa = PBXGroup;
			children = (
				579A0C4329A4329D0090D715 /* CalendarUIView.swift */,
				57FAE4CC29A6E896004DFE2E /* CalendarCollectionView.swift */,
				57FAE4D029A6EB02004DFE2E /* CalendarCollectionViewCell.swift */,
			);
			path = calendarView;
			sourceTree = "<group>";
		};
		57FAE50429A9170C004DFE2E /* workoutsTasks */ = {
			isa = PBXGroup;
			children = (
				57FAE50029A8F786004DFE2E /* ViewWhenTableIsEmty.swift */,
				57FAE50229A91573004DFE2E /* WorkOutTasksView.swift */,
				57FAE50729A91761004DFE2E /* WorkoutTasksTableView.swift */,
				57FAE50929A9190B004DFE2E /* WorkoutTasksTableViewCell.swift */,
			);
			path = workoutsTasks;
			sourceTree = "<group>";
		};
		57FAE50D29AA10DB004DFE2E /* StatisticModule */ = {
			isa = PBXGroup;
			children = (
				57FAE50F29AA1109004DFE2E /* controllers */,
				57FAE50E29AA10FA004DFE2E /* views */,
			);
			path = StatisticModule;
			sourceTree = "<group>";
		};
		57FAE50E29AA10FA004DFE2E /* views */ = {
			isa = PBXGroup;
			children = (
				57FAE51529AA2205004DFE2E /* StatisticTableView */,
			);
			path = views;
			sourceTree = "<group>";
		};
		57FAE50F29AA1109004DFE2E /* controllers */ = {
			isa = PBXGroup;
			children = (
				57FAE51129AA1154004DFE2E /* StatisticsViewController.swift */,
			);
			path = controllers;
			sourceTree = "<group>";
		};
		57FAE51529AA2205004DFE2E /* StatisticTableView */ = {
			isa = PBXGroup;
			children = (
				57FAE51629AA2249004DFE2E /* StatisticTableView.swift */,
				57FAE51829AA3478004DFE2E /* StatisticTableViewCell.swift */,
			);
			path = StatisticTableView;
			sourceTree = "<group>";
		};
		57FAE52229AAA975004DFE2E /* header */ = {
			isa = PBXGroup;
			children = (
				57FAE52529AAAA59004DFE2E /* HeaderUIView.swift */,
			);
			path = header;
			sourceTree = "<group>";
		};
/* End PBXGroup section */

/* Begin PBXNativeTarget section */
		579A0C2629A41A080090D715 /* tonus */ = {
			isa = PBXNativeTarget;
			buildConfigurationList = 579A0C3B29A41A0A0090D715 /* Build configuration list for PBXNativeTarget "tonus" */;
			buildPhases = (
				579A0C2329A41A080090D715 /* Sources */,
				579A0C2429A41A080090D715 /* Frameworks */,
				579A0C2529A41A080090D715 /* Resources */,
			);
			buildRules = (
			);
			dependencies = (
			);
			name = tonus;
			productName = tonus;
			productReference = 579A0C2729A41A080090D715 /* tonus.app */;
			productType = "com.apple.product-type.application";
		};
/* End PBXNativeTarget section */

/* Begin PBXProject section */
		579A0C1F29A41A080090D715 /* Project object */ = {
			isa = PBXProject;
			attributes = {
				BuildIndependentTargetsInParallel = 1;
				LastSwiftUpdateCheck = 1420;
				LastUpgradeCheck = 1420;
				TargetAttributes = {
					579A0C2629A41A080090D715 = {
						CreatedOnToolsVersion = 14.2;
					};
				};
			};
			buildConfigurationList = 579A0C2229A41A080090D715 /* Build configuration list for PBXProject "tonus" */;
			compatibilityVersion = "Xcode 14.0";
			developmentRegion = en;
			hasScannedForEncodings = 0;
			knownRegions = (
				en,
				Base,
			);
			mainGroup = 579A0C1E29A41A080090D715;
			productRefGroup = 579A0C2829A41A080090D715 /* Products */;
			projectDirPath = "";
			projectRoot = "";
			targets = (
				579A0C2629A41A080090D715 /* tonus */,
			);
		};
/* End PBXProject section */

/* Begin PBXResourcesBuildPhase section */
		579A0C2529A41A080090D715 /* Resources */ = {
			isa = PBXResourcesBuildPhase;
			buildActionMask = 2147483647;
			files = (
				579A0C4C29A458170090D715 /* Assets.xcassets in Resources */,
				579A0C3729A41A0A0090D715 /* LaunchScreen.storyboard in Resources */,
				57FAE4C829A6CB34004DFE2E /* Roboto-Bold.ttf in Resources */,
				57FAE4C729A6CB34004DFE2E /* Roboto-Medium.ttf in Resources */,
			);
			runOnlyForDeploymentPostprocessing = 0;
		};
/* End PBXResourcesBuildPhase section */

/* Begin PBXSourcesBuildPhase section */
		579A0C2329A41A080090D715 /* Sources */ = {
			isa = PBXSourcesBuildPhase;
			buildActionMask = 2147483647;
			files = (
				57FAE50A29A9190B004DFE2E /* WorkoutTasksTableViewCell.swift in Sources */,
				579A0C4629A449B30090D715 /* WeatherUIView.swift in Sources */,
				573A7C6D29B0F51A006FF7DE /* WorkoutInputNameView.swift in Sources */,
				579A0C2F29A41A080090D715 /* MainViewController.swift in Sources */,
				57FAE51229AA1154004DFE2E /* StatisticsViewController.swift in Sources */,
				573A7C6F29B0FE71006FF7DE /* DateAndRepeatView.swift in Sources */,
				573A7C8429B28BC4006FF7DE /* WrapperSliderAndLabelView.swift in Sources */,
				57FAE4BD29A6BA6F004DFE2E /* UIView + Extensions.swift in Sources */,
				57FAE4BF29A6BAE8004DFE2E /* UIColor + Extensions.swift in Sources */,
				57FAE51729AA2249004DFE2E /* StatisticTableView.swift in Sources */,
				57FAE4D129A6EB02004DFE2E /* CalendarCollectionViewCell.swift in Sources */,
				57FAE50129A8F786004DFE2E /* ViewWhenTableIsEmty.swift in Sources */,
				573A7C8229B28B44006FF7DE /* UIGreenSlider.swift in Sources */,
				57FAE51429AA11EF004DFE2E /* UILabel + Extensions.swift in Sources */,
				57FAE4CD29A6E896004DFE2E /* CalendarCollectionView.swift in Sources */,
				57FAE4C129A6BB1F004DFE2E /* UIFont + Extensions.swift in Sources */,
				579A0C2B29A41A080090D715 /* AppDelegate.swift in Sources */,
				57FAE51B29AA7FD7004DFE2E /* UIImage + Extension.swift in Sources */,
				57FAE50829A91761004DFE2E /* WorkoutTasksTableView.swift in Sources */,
				57F9964729B3BA930062E8E9 /* UIButton + Extensions.swift in Sources */,
				573A7C7129B1085C006FF7DE /* RepsOrTimerView.swift in Sources */,
				57FAE50329A91574004DFE2E /* WorkOutTasksView.swift in Sources */,
				57F9964929B3BC910062E8E9 /* CircleCloseButton.swift in Sources */,
				579A0C4429A4329D0090D715 /* CalendarUIView.swift in Sources */,
				57FAE50C29A97448004DFE2E /* UIStackView + Extensions.swift in Sources */,
				573A7C6B29B0B72F006FF7DE /* TitleAndCloseButtonUIView.swift in Sources */,
				57DD8F0729AD4E3300B12D06 /* MainTabBarControllerMainTabBarController.swift in Sources */,
				57FAE52629AAAA59004DFE2E /* HeaderUIView.swift in Sources */,
				579A0C2D29A41A080090D715 /* SceneDelegate.swift in Sources */,
				57FAE51929AA3478004DFE2E /* StatisticTableViewCell.swift in Sources */,
				573A7C6829B0B5E5006FF7DE /* NewWorkoutController.swift in Sources */,
			);
			runOnlyForDeploymentPostprocessing = 0;
		};
/* End PBXSourcesBuildPhase section */

/* Begin PBXVariantGroup section */
		579A0C3529A41A0A0090D715 /* LaunchScreen.storyboard */ = {
			isa = PBXVariantGroup;
			children = (
				579A0C3629A41A0A0090D715 /* Base */,
			);
			name = LaunchScreen.storyboard;
			sourceTree = "<group>";
		};
/* End PBXVariantGroup section */

/* Begin XCBuildConfiguration section */
		579A0C3929A41A0A0090D715 /* Debug */ = {
			isa = XCBuildConfiguration;
			buildSettings = {
				ALWAYS_SEARCH_USER_PATHS = NO;
				CLANG_ANALYZER_NONNULL = YES;
				CLANG_ANALYZER_NUMBER_OBJECT_CONVERSION = YES_AGGRESSIVE;
				CLANG_CXX_LANGUAGE_STANDARD = "gnu++20";
				CLANG_ENABLE_MODULES = YES;
				CLANG_ENABLE_OBJC_ARC = YES;
				CLANG_ENABLE_OBJC_WEAK = YES;
				CLANG_WARN_BLOCK_CAPTURE_AUTORELEASING = YES;
				CLANG_WARN_BOOL_CONVERSION = YES;
				CLANG_WARN_COMMA = YES;
				CLANG_WARN_CONSTANT_CONVERSION = YES;
				CLANG_WARN_DEPRECATED_OBJC_IMPLEMENTATIONS = YES;
				CLANG_WARN_DIRECT_OBJC_ISA_USAGE = YES_ERROR;
				CLANG_WARN_DOCUMENTATION_COMMENTS = YES;
				CLANG_WARN_EMPTY_BODY = YES;
				CLANG_WARN_ENUM_CONVERSION = YES;
				CLANG_WARN_INFINITE_RECURSION = YES;
				CLANG_WARN_INT_CONVERSION = YES;
				CLANG_WARN_NON_LITERAL_NULL_CONVERSION = YES;
				CLANG_WARN_OBJC_IMPLICIT_RETAIN_SELF = YES;
				CLANG_WARN_OBJC_LITERAL_CONVERSION = YES;
				CLANG_WARN_OBJC_ROOT_CLASS = YES_ERROR;
				CLANG_WARN_QUOTED_INCLUDE_IN_FRAMEWORK_HEADER = YES;
				CLANG_WARN_RANGE_LOOP_ANALYSIS = YES;
				CLANG_WARN_STRICT_PROTOTYPES = YES;
				CLANG_WARN_SUSPICIOUS_MOVE = YES;
				CLANG_WARN_UNGUARDED_AVAILABILITY = YES_AGGRESSIVE;
				CLANG_WARN_UNREACHABLE_CODE = YES;
				CLANG_WARN__DUPLICATE_METHOD_MATCH = YES;
				COPY_PHASE_STRIP = NO;
				DEBUG_INFORMATION_FORMAT = dwarf;
				ENABLE_STRICT_OBJC_MSGSEND = YES;
				ENABLE_TESTABILITY = YES;
				GCC_C_LANGUAGE_STANDARD = gnu11;
				GCC_DYNAMIC_NO_PIC = NO;
				GCC_NO_COMMON_BLOCKS = YES;
				GCC_OPTIMIZATION_LEVEL = 0;
				GCC_PREPROCESSOR_DEFINITIONS = (
					"DEBUG=1",
					"$(inherited)",
				);
				GCC_WARN_64_TO_32_BIT_CONVERSION = YES;
				GCC_WARN_ABOUT_RETURN_TYPE = YES_ERROR;
				GCC_WARN_UNDECLARED_SELECTOR = YES;
				GCC_WARN_UNINITIALIZED_AUTOS = YES_AGGRESSIVE;
				GCC_WARN_UNUSED_FUNCTION = YES;
				GCC_WARN_UNUSED_VARIABLE = YES;
				IPHONEOS_DEPLOYMENT_TARGET = 16.2;
				MTL_ENABLE_DEBUG_INFO = INCLUDE_SOURCE;
				MTL_FAST_MATH = YES;
				ONLY_ACTIVE_ARCH = YES;
				SDKROOT = iphoneos;
				SWIFT_ACTIVE_COMPILATION_CONDITIONS = DEBUG;
				SWIFT_OPTIMIZATION_LEVEL = "-Onone";
			};
			name = Debug;
		};
		579A0C3A29A41A0A0090D715 /* Release */ = {
			isa = XCBuildConfiguration;
			buildSettings = {
				ALWAYS_SEARCH_USER_PATHS = NO;
				CLANG_ANALYZER_NONNULL = YES;
				CLANG_ANALYZER_NUMBER_OBJECT_CONVERSION = YES_AGGRESSIVE;
				CLANG_CXX_LANGUAGE_STANDARD = "gnu++20";
				CLANG_ENABLE_MODULES = YES;
				CLANG_ENABLE_OBJC_ARC = YES;
				CLANG_ENABLE_OBJC_WEAK = YES;
				CLANG_WARN_BLOCK_CAPTURE_AUTORELEASING = YES;
				CLANG_WARN_BOOL_CONVERSION = YES;
				CLANG_WARN_COMMA = YES;
				CLANG_WARN_CONSTANT_CONVERSION = YES;
				CLANG_WARN_DEPRECATED_OBJC_IMPLEMENTATIONS = YES;
				CLANG_WARN_DIRECT_OBJC_ISA_USAGE = YES_ERROR;
				CLANG_WARN_DOCUMENTATION_COMMENTS = YES;
				CLANG_WARN_EMPTY_BODY = YES;
				CLANG_WARN_ENUM_CONVERSION = YES;
				CLANG_WARN_INFINITE_RECURSION = YES;
				CLANG_WARN_INT_CONVERSION = YES;
				CLANG_WARN_NON_LITERAL_NULL_CONVERSION = YES;
				CLANG_WARN_OBJC_IMPLICIT_RETAIN_SELF = YES;
				CLANG_WARN_OBJC_LITERAL_CONVERSION = YES;
				CLANG_WARN_OBJC_ROOT_CLASS = YES_ERROR;
				CLANG_WARN_QUOTED_INCLUDE_IN_FRAMEWORK_HEADER = YES;
				CLANG_WARN_RANGE_LOOP_ANALYSIS = YES;
				CLANG_WARN_STRICT_PROTOTYPES = YES;
				CLANG_WARN_SUSPICIOUS_MOVE = YES;
				CLANG_WARN_UNGUARDED_AVAILABILITY = YES_AGGRESSIVE;
				CLANG_WARN_UNREACHABLE_CODE = YES;
				CLANG_WARN__DUPLICATE_METHOD_MATCH = YES;
				COPY_PHASE_STRIP = NO;
				DEBUG_INFORMATION_FORMAT = "dwarf-with-dsym";
				ENABLE_NS_ASSERTIONS = NO;
				ENABLE_STRICT_OBJC_MSGSEND = YES;
				GCC_C_LANGUAGE_STANDARD = gnu11;
				GCC_NO_COMMON_BLOCKS = YES;
				GCC_WARN_64_TO_32_BIT_CONVERSION = YES;
				GCC_WARN_ABOUT_RETURN_TYPE = YES_ERROR;
				GCC_WARN_UNDECLARED_SELECTOR = YES;
				GCC_WARN_UNINITIALIZED_AUTOS = YES_AGGRESSIVE;
				GCC_WARN_UNUSED_FUNCTION = YES;
				GCC_WARN_UNUSED_VARIABLE = YES;
				IPHONEOS_DEPLOYMENT_TARGET = 16.2;
				MTL_ENABLE_DEBUG_INFO = NO;
				MTL_FAST_MATH = YES;
				SDKROOT = iphoneos;
				SWIFT_COMPILATION_MODE = wholemodule;
				SWIFT_OPTIMIZATION_LEVEL = "-O";
				VALIDATE_PRODUCT = YES;
			};
			name = Release;
		};
		579A0C3C29A41A0A0090D715 /* Debug */ = {
			isa = XCBuildConfiguration;
			buildSettings = {
				ASSETCATALOG_COMPILER_APPICON_NAME = AppIcon;
				ASSETCATALOG_COMPILER_GLOBAL_ACCENT_COLOR_NAME = AccentColor;
				CODE_SIGN_STYLE = Automatic;
				CURRENT_PROJECT_VERSION = 1;
				DEVELOPMENT_TEAM = 93HT3455DF;
				GENERATE_INFOPLIST_FILE = YES;
				INFOPLIST_FILE = tonus/Supporting/Info.plist;
				INFOPLIST_KEY_UIApplicationSupportsIndirectInputEvents = YES;
				INFOPLIST_KEY_UILaunchStoryboardName = LaunchScreen;
				INFOPLIST_KEY_UISupportedInterfaceOrientations = UIInterfaceOrientationPortrait;
				INFOPLIST_KEY_UISupportedInterfaceOrientations_iPad = "UIInterfaceOrientationLandscapeLeft UIInterfaceOrientationLandscapeRight UIInterfaceOrientationPortrait UIInterfaceOrientationPortraitUpsideDown";
				IPHONEOS_DEPLOYMENT_TARGET = 13.0;
				LD_RUNPATH_SEARCH_PATHS = (
					"$(inherited)",
					"@executable_path/Frameworks",
				);
				MARKETING_VERSION = 1.0;
				PRODUCT_BUNDLE_IDENTIFIER = "it-ctor.tonus";
				PRODUCT_NAME = "$(TARGET_NAME)";
				SUPPORTED_PLATFORMS = "iphoneos iphonesimulator";
				SUPPORTS_MACCATALYST = NO;
				SUPPORTS_MAC_DESIGNED_FOR_IPHONE_IPAD = NO;
				SWIFT_EMIT_LOC_STRINGS = YES;
				SWIFT_VERSION = 5.0;
				TARGETED_DEVICE_FAMILY = 1;
			};
			name = Debug;
		};
		579A0C3D29A41A0A0090D715 /* Release */ = {
			isa = XCBuildConfiguration;
			buildSettings = {
				ASSETCATALOG_COMPILER_APPICON_NAME = AppIcon;
				ASSETCATALOG_COMPILER_GLOBAL_ACCENT_COLOR_NAME = AccentColor;
				CODE_SIGN_STYLE = Automatic;
				CURRENT_PROJECT_VERSION = 1;
				DEVELOPMENT_TEAM = 93HT3455DF;
				GENERATE_INFOPLIST_FILE = YES;
				INFOPLIST_FILE = tonus/Supporting/Info.plist;
				INFOPLIST_KEY_UIApplicationSupportsIndirectInputEvents = YES;
				INFOPLIST_KEY_UILaunchStoryboardName = LaunchScreen;
				INFOPLIST_KEY_UISupportedInterfaceOrientations = UIInterfaceOrientationPortrait;
				INFOPLIST_KEY_UISupportedInterfaceOrientations_iPad = "UIInterfaceOrientationLandscapeLeft UIInterfaceOrientationLandscapeRight UIInterfaceOrientationPortrait UIInterfaceOrientationPortraitUpsideDown";
				IPHONEOS_DEPLOYMENT_TARGET = 13.0;
				LD_RUNPATH_SEARCH_PATHS = (
					"$(inherited)",
					"@executable_path/Frameworks",
				);
				MARKETING_VERSION = 1.0;
				PRODUCT_BUNDLE_IDENTIFIER = "it-ctor.tonus";
				PRODUCT_NAME = "$(TARGET_NAME)";
				SUPPORTED_PLATFORMS = "iphoneos iphonesimulator";
				SUPPORTS_MACCATALYST = NO;
				SUPPORTS_MAC_DESIGNED_FOR_IPHONE_IPAD = NO;
				SWIFT_EMIT_LOC_STRINGS = YES;
				SWIFT_VERSION = 5.0;
				TARGETED_DEVICE_FAMILY = 1;
			};
			name = Release;
		};
/* End XCBuildConfiguration section */

/* Begin XCConfigurationList section */
		579A0C2229A41A080090D715 /* Build configuration list for PBXProject "tonus" */ = {
			isa = XCConfigurationList;
			buildConfigurations = (
				579A0C3929A41A0A0090D715 /* Debug */,
				579A0C3A29A41A0A0090D715 /* Release */,
			);
			defaultConfigurationIsVisible = 0;
			defaultConfigurationName = Release;
		};
		579A0C3B29A41A0A0090D715 /* Build configuration list for PBXNativeTarget "tonus" */ = {
			isa = XCConfigurationList;
			buildConfigurations = (
				579A0C3C29A41A0A0090D715 /* Debug */,
				579A0C3D29A41A0A0090D715 /* Release */,
			);
			defaultConfigurationIsVisible = 0;
			defaultConfigurationName = Release;
		};
/* End XCConfigurationList section */
	};
	rootObject = 579A0C1F29A41A080090D715 /* Project object */;
}
