// !$*UTF8*$!
{
	archiveVersion = 1;
	classes = {
	};
	objectVersion = 56;
	objects = {

/* Begin PBXBuildFile section */
		579A0C2B29A41A080090D715 /* AppDelegate.swift in Sources */ = {isa = PBXBuildFile; fileRef = 579A0C2A29A41A080090D715 /* AppDelegate.swift */; };
		579A0C2D29A41A080090D715 /* SceneDelegate.swift in Sources */ = {isa = PBXBuildFile; fileRef = 579A0C2C29A41A080090D715 /* SceneDelegate.swift */; };
		579A0C2F29A41A080090D715 /* MainViewController.swift in Sources */ = {isa = PBXBuildFile; fileRef = 579A0C2E29A41A080090D715 /* MainViewController.swift */; };
		579A0C3729A41A0A0090D715 /* LaunchScreen.storyboard in Resources */ = {isa = PBXBuildFile; fileRef = 579A0C3529A41A0A0090D715 /* LaunchScreen.storyboard */; };
		579A0C4429A4329D0090D715 /* CalendarUIView.swift in Sources */ = {isa = PBXBuildFile; fileRef = 579A0C4329A4329D0090D715 /* CalendarUIView.swift */; };
		579A0C4629A449B30090D715 /* WeatherUIView.swift in Sources */ = {isa = PBXBuildFile; fileRef = 579A0C4529A449B30090D715 /* WeatherUIView.swift */; };
		579A0C4C29A458170090D715 /* Assets.xcassets in Resources */ = {isa = PBXBuildFile; fileRef = 579A0C4B29A458170090D715 /* Assets.xcassets */; };
		57FAE4BD29A6BA6F004DFE2E /* UIView + Extensions.swift in Sources */ = {isa = PBXBuildFile; fileRef = 57FAE4BC29A6BA6F004DFE2E /* UIView + Extensions.swift */; };
		57FAE4BF29A6BAE8004DFE2E /* UIColor + Extensions.swift in Sources */ = {isa = PBXBuildFile; fileRef = 57FAE4BE29A6BAE8004DFE2E /* UIColor + Extensions.swift */; };
		57FAE4C129A6BB1F004DFE2E /* UIFont + Extensions.swift in Sources */ = {isa = PBXBuildFile; fileRef = 57FAE4C029A6BB1F004DFE2E /* UIFont + Extensions.swift */; };
		57FAE4C729A6CB34004DFE2E /* Roboto-Medium.ttf in Resources */ = {isa = PBXBuildFile; fileRef = 57FAE4C529A6CB34004DFE2E /* Roboto-Medium.ttf */; };
		57FAE4C829A6CB34004DFE2E /* Roboto-Bold.ttf in Resources */ = {isa = PBXBuildFile; fileRef = 57FAE4C629A6CB34004DFE2E /* Roboto-Bold.ttf */; };
		57FAE4CD29A6E896004DFE2E /* CalendarCollectionView.swift in Sources */ = {isa = PBXBuildFile; fileRef = 57FAE4CC29A6E896004DFE2E /* CalendarCollectionView.swift */; };
		57FAE4D129A6EB02004DFE2E /* CalendarCollectionViewCell.swift in Sources */ = {isa = PBXBuildFile; fileRef = 57FAE4D029A6EB02004DFE2E /* CalendarCollectionViewCell.swift */; };
/* End PBXBuildFile section */

/* Begin PBXFileReference section */
		579A0C2729A41A080090D715 /* tonus.app */ = {isa = PBXFileReference; explicitFileType = wrapper.application; includeInIndex = 0; path = tonus.app; sourceTree = BUILT_PRODUCTS_DIR; };
		579A0C2A29A41A080090D715 /* AppDelegate.swift */ = {isa = PBXFileReference; lastKnownFileType = sourcecode.swift; path = AppDelegate.swift; sourceTree = "<group>"; };
		579A0C2C29A41A080090D715 /* SceneDelegate.swift */ = {isa = PBXFileReference; lastKnownFileType = sourcecode.swift; path = SceneDelegate.swift; sourceTree = "<group>"; };
		579A0C2E29A41A080090D715 /* MainViewController.swift */ = {isa = PBXFileReference; lastKnownFileType = sourcecode.swift; path = MainViewController.swift; sourceTree = "<group>"; };
		579A0C3629A41A0A0090D715 /* Base */ = {isa = PBXFileReference; lastKnownFileType = file.storyboard; name = Base; path = Base.lproj/LaunchScreen.storyboard; sourceTree = "<group>"; };
		579A0C3829A41A0A0090D715 /* Info.plist */ = {isa = PBXFileReference; lastKnownFileType = text.plist.xml; path = Info.plist; sourceTree = "<group>"; };
		579A0C4329A4329D0090D715 /* CalendarUIView.swift */ = {isa = PBXFileReference; lastKnownFileType = sourcecode.swift; path = CalendarUIView.swift; sourceTree = "<group>"; };
		579A0C4529A449B30090D715 /* WeatherUIView.swift */ = {isa = PBXFileReference; lastKnownFileType = sourcecode.swift; path = WeatherUIView.swift; sourceTree = "<group>"; };
		579A0C4B29A458170090D715 /* Assets.xcassets */ = {isa = PBXFileReference; lastKnownFileType = folder.assetcatalog; path = Assets.xcassets; sourceTree = "<group>"; };
		57FAE4BC29A6BA6F004DFE2E /* UIView + Extensions.swift */ = {isa = PBXFileReference; lastKnownFileType = sourcecode.swift; path = "UIView + Extensions.swift"; sourceTree = "<group>"; };
		57FAE4BE29A6BAE8004DFE2E /* UIColor + Extensions.swift */ = {isa = PBXFileReference; lastKnownFileType = sourcecode.swift; path = "UIColor + Extensions.swift"; sourceTree = "<group>"; };
		57FAE4C029A6BB1F004DFE2E /* UIFont + Extensions.swift */ = {isa = PBXFileReference; lastKnownFileType = sourcecode.swift; path = "UIFont + Extensions.swift"; sourceTree = "<group>"; };
		57FAE4C529A6CB34004DFE2E /* Roboto-Medium.ttf */ = {isa = PBXFileReference; lastKnownFileType = file; path = "Roboto-Medium.ttf"; sourceTree = "<group>"; };
		57FAE4C629A6CB34004DFE2E /* Roboto-Bold.ttf */ = {isa = PBXFileReference; lastKnownFileType = file; path = "Roboto-Bold.ttf"; sourceTree = "<group>"; };
		57FAE4CC29A6E896004DFE2E /* CalendarCollectionView.swift */ = {isa = PBXFileReference; lastKnownFileType = sourcecode.swift; path = CalendarCollectionView.swift; sourceTree = "<group>"; };
		57FAE4D029A6EB02004DFE2E /* CalendarCollectionViewCell.swift */ = {isa = PBXFileReference; lastKnownFileType = sourcecode.swift; path = CalendarCollectionViewCell.swift; sourceTree = "<group>"; };
/* End PBXFileReference section */

/* Begin PBXFrameworksBuildPhase section */
		579A0C2429A41A080090D715 /* Frameworks */ = {
			isa = PBXFrameworksBuildPhase;
			buildActionMask = 2147483647;
			files = (
			);
			runOnlyForDeploymentPostprocessing = 0;
		};
/* End PBXFrameworksBuildPhase section */

/* Begin PBXGroup section */
		579A0C1E29A41A080090D715 = {
			isa = PBXGroup;
			children = (
				579A0C2929A41A080090D715 /* tonus */,
				579A0C2829A41A080090D715 /* Products */,
			);
			sourceTree = "<group>";
		};
		579A0C2829A41A080090D715 /* Products */ = {
			isa = PBXGroup;
			children = (
				579A0C2729A41A080090D715 /* tonus.app */,
			);
			name = Products;
			sourceTree = "<group>";
		};
		579A0C2929A41A080090D715 /* tonus */ = {
			isa = PBXGroup;
			children = (
				579A0C4029A41FAE0090D715 /* Application */,
				579A0C3E29A41F710090D715 /* MainModule */,
				57FAE4BB29A6BA1E004DFE2E /* Extenstions */,
				579A0C3F29A41F830090D715 /* Supporting */,
			);
			path = tonus;
			sourceTree = "<group>";
		};
		579A0C3E29A41F710090D715 /* MainModule */ = {
			isa = PBXGroup;
			children = (
				579A0C4229A41FE60090D715 /* Views */,
				579A0C4129A41FD50090D715 /* Controllers */,
			);
			path = MainModule;
			sourceTree = "<group>";
		};
		579A0C3F29A41F830090D715 /* Supporting */ = {
			isa = PBXGroup;
			children = (
				57FAE4C429A6CB11004DFE2E /* Fonts */,
				579A0C3529A41A0A0090D715 /* LaunchScreen.storyboard */,
				579A0C3829A41A0A0090D715 /* Info.plist */,
				579A0C4B29A458170090D715 /* Assets.xcassets */,
			);
			path = Supporting;
			sourceTree = "<group>";
		};
		579A0C4029A41FAE0090D715 /* Application */ = {
			isa = PBXGroup;
			children = (
				579A0C2C29A41A080090D715 /* SceneDelegate.swift */,
				579A0C2A29A41A080090D715 /* AppDelegate.swift */,
			);
			path = Application;
			sourceTree = "<group>";
		};
		579A0C4129A41FD50090D715 /* Controllers */ = {
			isa = PBXGroup;
			children = (
				579A0C2E29A41A080090D715 /* MainViewController.swift */,
			);
			path = Controllers;
			sourceTree = "<group>";
		};
		579A0C4229A41FE60090D715 /* Views */ = {
			isa = PBXGroup;
			children = (
				57FAE4C929A6E4C5004DFE2E /* calendarView */,
				579A0C4529A449B30090D715 /* WeatherUIView.swift */,
				579A0C4329A4329D0090D715 /* CalendarUIView.swift */,
			);
			path = Views;
			sourceTree = "<group>";
		};
		57FAE4BB29A6BA1E004DFE2E /* Extenstions */ = {
			isa = PBXGroup;
			children = (
				57FAE4BC29A6BA6F004DFE2E /* UIView + Extensions.swift */,
				57FAE4BE29A6BAE8004DFE2E /* UIColor + Extensions.swift */,
				57FAE4C029A6BB1F004DFE2E /* UIFont + Extensions.swift */,
			);
			path = Extenstions;
			sourceTree = "<group>";
		};
		57FAE4C429A6CB11004DFE2E /* Fonts */ = {
			isa = PBXGroup;
			children = (
				57FAE4C629A6CB34004DFE2E /* Roboto-Bold.ttf */,
				57FAE4C529A6CB34004DFE2E /* Roboto-Medium.ttf */,
			);
			path = Fonts;
			sourceTree = "<group>";
		};
		57FAE4C929A6E4C5004DFE2E /* calendarView */ = {
			isa = PBXGroup;
			children = (
				57FAE4CC29A6E896004DFE2E /* CalendarCollectionView.swift */,
				57FAE4D029A6EB02004DFE2E /* CalendarCollectionViewCell.swift */,
			);
			path = calendarView;
			sourceTree = "<group>";
		};
/* End PBXGroup section */

/* Begin PBXNativeTarget section */
		579A0C2629A41A080090D715 /* tonus */ = {
			isa = PBXNativeTarget;
			buildConfigurationList = 579A0C3B29A41A0A0090D715 /* Build configuration list for PBXNativeTarget "tonus" */;
			buildPhases = (
				579A0C2329A41A080090D715 /* Sources */,
				579A0C2429A41A080090D715 /* Frameworks */,
				579A0C2529A41A080090D715 /* Resources */,
			);
			buildRules = (
			);
			dependencies = (
			);
			name = tonus;
			productName = tonus;
			productReference = 579A0C2729A41A080090D715 /* tonus.app */;
			productType = "com.apple.product-type.application";
		};
/* End PBXNativeTarget section */

/* Begin PBXProject section */
		579A0C1F29A41A080090D715 /* Project object */ = {
			isa = PBXProject;
			attributes = {
				BuildIndependentTargetsInParallel = 1;
				LastSwiftUpdateCheck = 1420;
				LastUpgradeCheck = 1420;
				TargetAttributes = {
					579A0C2629A41A080090D715 = {
						CreatedOnToolsVersion = 14.2;
					};
				};
			};
			buildConfigurationList = 579A0C2229A41A080090D715 /* Build configuration list for PBXProject "tonus" */;
			compatibilityVersion = "Xcode 14.0";
			developmentRegion = en;
			hasScannedForEncodings = 0;
			knownRegions = (
				en,
				Base,
			);
			mainGroup = 579A0C1E29A41A080090D715;
			productRefGroup = 579A0C2829A41A080090D715 /* Products */;
			projectDirPath = "";
			projectRoot = "";
			targets = (
				579A0C2629A41A080090D715 /* tonus */,
			);
		};
/* End PBXProject section */

/* Begin PBXResourcesBuildPhase section */
		579A0C2529A41A080090D715 /* Resources */ = {
			isa = PBXResourcesBuildPhase;
			buildActionMask = 2147483647;
			files = (
				579A0C4C29A458170090D715 /* Assets.xcassets in Resources */,
				579A0C3729A41A0A0090D715 /* LaunchScreen.storyboard in Resources */,
				57FAE4C829A6CB34004DFE2E /* Roboto-Bold.ttf in Resources */,
				57FAE4C729A6CB34004DFE2E /* Roboto-Medium.ttf in Resources */,
			);
			runOnlyForDeploymentPostprocessing = 0;
		};
/* End PBXResourcesBuildPhase section */

/* Begin PBXSourcesBuildPhase section */
		579A0C2329A41A080090D715 /* Sources */ = {
			isa = PBXSourcesBuildPhase;
			buildActionMask = 2147483647;
			files = (
				579A0C4629A449B30090D715 /* WeatherUIView.swift in Sources */,
				579A0C2F29A41A080090D715 /* MainViewController.swift in Sources */,
				57FAE4BD29A6BA6F004DFE2E /* UIView + Extensions.swift in Sources */,
				57FAE4BF29A6BAE8004DFE2E /* UIColor + Extensions.swift in Sources */,
				57FAE4D129A6EB02004DFE2E /* CalendarCollectionViewCell.swift in Sources */,
				57FAE4CD29A6E896004DFE2E /* CalendarCollectionView.swift in Sources */,
				57FAE4C129A6BB1F004DFE2E /* UIFont + Extensions.swift in Sources */,
				579A0C2B29A41A080090D715 /* AppDelegate.swift in Sources */,
				579A0C4429A4329D0090D715 /* CalendarUIView.swift in Sources */,
				579A0C2D29A41A080090D715 /* SceneDelegate.swift in Sources */,
			);
			runOnlyForDeploymentPostprocessing = 0;
		};
/* End PBXSourcesBuildPhase section */

/* Begin PBXVariantGroup section */
		579A0C3529A41A0A0090D715 /* LaunchScreen.storyboard */ = {
			isa = PBXVariantGroup;
			children = (
				579A0C3629A41A0A0090D715 /* Base */,
			);
			name = LaunchScreen.storyboard;
			sourceTree = "<group>";
		};
/* End PBXVariantGroup section */

/* Begin XCBuildConfiguration section */
		579A0C3929A41A0A0090D715 /* Debug */ = {
			isa = XCBuildConfiguration;
			buildSettings = {
				ALWAYS_SEARCH_USER_PATHS = NO;
				CLANG_ANALYZER_NONNULL = YES;
				CLANG_ANALYZER_NUMBER_OBJECT_CONVERSION = YES_AGGRESSIVE;
				CLANG_CXX_LANGUAGE_STANDARD = "gnu++20";
				CLANG_ENABLE_MODULES = YES;
				CLANG_ENABLE_OBJC_ARC = YES;
				CLANG_ENABLE_OBJC_WEAK = YES;
				CLANG_WARN_BLOCK_CAPTURE_AUTORELEASING = YES;
				CLANG_WARN_BOOL_CONVERSION = YES;
				CLANG_WARN_COMMA = YES;
				CLANG_WARN_CONSTANT_CONVERSION = YES;
				CLANG_WARN_DEPRECATED_OBJC_IMPLEMENTATIONS = YES;
				CLANG_WARN_DIRECT_OBJC_ISA_USAGE = YES_ERROR;
				CLANG_WARN_DOCUMENTATION_COMMENTS = YES;
				CLANG_WARN_EMPTY_BODY = YES;
				CLANG_WARN_ENUM_CONVERSION = YES;
				CLANG_WARN_INFINITE_RECURSION = YES;
				CLANG_WARN_INT_CONVERSION = YES;
				CLANG_WARN_NON_LITERAL_NULL_CONVERSION = YES;
				CLANG_WARN_OBJC_IMPLICIT_RETAIN_SELF = YES;
				CLANG_WARN_OBJC_LITERAL_CONVERSION = YES;
				CLANG_WARN_OBJC_ROOT_CLASS = YES_ERROR;
				CLANG_WARN_QUOTED_INCLUDE_IN_FRAMEWORK_HEADER = YES;
				CLANG_WARN_RANGE_LOOP_ANALYSIS = YES;
				CLANG_WARN_STRICT_PROTOTYPES = YES;
				CLANG_WARN_SUSPICIOUS_MOVE = YES;
				CLANG_WARN_UNGUARDED_AVAILABILITY = YES_AGGRESSIVE;
				CLANG_WARN_UNREACHABLE_CODE = YES;
				CLANG_WARN__DUPLICATE_METHOD_MATCH = YES;
				COPY_PHASE_STRIP = NO;
				DEBUG_INFORMATION_FORMAT = dwarf;
				ENABLE_STRICT_OBJC_MSGSEND = YES;
				ENABLE_TESTABILITY = YES;
				GCC_C_LANGUAGE_STANDARD = gnu11;
				GCC_DYNAMIC_NO_PIC = NO;
				GCC_NO_COMMON_BLOCKS = YES;
				GCC_OPTIMIZATION_LEVEL = 0;
				GCC_PREPROCESSOR_DEFINITIONS = (
					"DEBUG=1",
					"$(inherited)",
				);
				GCC_WARN_64_TO_32_BIT_CONVERSION = YES;
				GCC_WARN_ABOUT_RETURN_TYPE = YES_ERROR;
				GCC_WARN_UNDECLARED_SELECTOR = YES;
				GCC_WARN_UNINITIALIZED_AUTOS = YES_AGGRESSIVE;
				GCC_WARN_UNUSED_FUNCTION = YES;
				GCC_WARN_UNUSED_VARIABLE = YES;
				IPHONEOS_DEPLOYMENT_TARGET = 16.2;
				MTL_ENABLE_DEBUG_INFO = INCLUDE_SOURCE;
				MTL_FAST_MATH = YES;
				ONLY_ACTIVE_ARCH = YES;
				SDKROOT = iphoneos;
				SWIFT_ACTIVE_COMPILATION_CONDITIONS = DEBUG;
				SWIFT_OPTIMIZATION_LEVEL = "-Onone";
			};
			name = Debug;
		};
		579A0C3A29A41A0A0090D715 /* Release */ = {
			isa = XCBuildConfiguration;
			buildSettings = {
				ALWAYS_SEARCH_USER_PATHS = NO;
				CLANG_ANALYZER_NONNULL = YES;
				CLANG_ANALYZER_NUMBER_OBJECT_CONVERSION = YES_AGGRESSIVE;
				CLANG_CXX_LANGUAGE_STANDARD = "gnu++20";
				CLANG_ENABLE_MODULES = YES;
				CLANG_ENABLE_OBJC_ARC = YES;
				CLANG_ENABLE_OBJC_WEAK = YES;
				CLANG_WARN_BLOCK_CAPTURE_AUTORELEASING = YES;
				CLANG_WARN_BOOL_CONVERSION = YES;
				CLANG_WARN_COMMA = YES;
				CLANG_WARN_CONSTANT_CONVERSION = YES;
				CLANG_WARN_DEPRECATED_OBJC_IMPLEMENTATIONS = YES;
				CLANG_WARN_DIRECT_OBJC_ISA_USAGE = YES_ERROR;
				CLANG_WARN_DOCUMENTATION_COMMENTS = YES;
				CLANG_WARN_EMPTY_BODY = YES;
				CLANG_WARN_ENUM_CONVERSION = YES;
				CLANG_WARN_INFINITE_RECURSION = YES;
				CLANG_WARN_INT_CONVERSION = YES;
				CLANG_WARN_NON_LITERAL_NULL_CONVERSION = YES;
				CLANG_WARN_OBJC_IMPLICIT_RETAIN_SELF = YES;
				CLANG_WARN_OBJC_LITERAL_CONVERSION = YES;
				CLANG_WARN_OBJC_ROOT_CLASS = YES_ERROR;
				CLANG_WARN_QUOTED_INCLUDE_IN_FRAMEWORK_HEADER = YES;
				CLANG_WARN_RANGE_LOOP_ANALYSIS = YES;
				CLANG_WARN_STRICT_PROTOTYPES = YES;
				CLANG_WARN_SUSPICIOUS_MOVE = YES;
				CLANG_WARN_UNGUARDED_AVAILABILITY = YES_AGGRESSIVE;
				CLANG_WARN_UNREACHABLE_CODE = YES;
				CLANG_WARN__DUPLICATE_METHOD_MATCH = YES;
				COPY_PHASE_STRIP = NO;
				DEBUG_INFORMATION_FORMAT = "dwarf-with-dsym";
				ENABLE_NS_ASSERTIONS = NO;
				ENABLE_STRICT_OBJC_MSGSEND = YES;
				GCC_C_LANGUAGE_STANDARD = gnu11;
				GCC_NO_COMMON_BLOCKS = YES;
				GCC_WARN_64_TO_32_BIT_CONVERSION = YES;
				GCC_WARN_ABOUT_RETURN_TYPE = YES_ERROR;
				GCC_WARN_UNDECLARED_SELECTOR = YES;
				GCC_WARN_UNINITIALIZED_AUTOS = YES_AGGRESSIVE;
				GCC_WARN_UNUSED_FUNCTION = YES;
				GCC_WARN_UNUSED_VARIABLE = YES;
				IPHONEOS_DEPLOYMENT_TARGET = 16.2;
				MTL_ENABLE_DEBUG_INFO = NO;
				MTL_FAST_MATH = YES;
				SDKROOT = iphoneos;
				SWIFT_COMPILATION_MODE = wholemodule;
				SWIFT_OPTIMIZATION_LEVEL = "-O";
				VALIDATE_PRODUCT = YES;
			};
			name = Release;
		};
		579A0C3C29A41A0A0090D715 /* Debug */ = {
			isa = XCBuildConfiguration;
			buildSettings = {
				ASSETCATALOG_COMPILER_APPICON_NAME = AppIcon;
				ASSETCATALOG_COMPILER_GLOBAL_ACCENT_COLOR_NAME = AccentColor;
				CODE_SIGN_STYLE = Automatic;
				CURRENT_PROJECT_VERSION = 1;
				DEVELOPMENT_TEAM = 93HT3455DF;
				GENERATE_INFOPLIST_FILE = YES;
				INFOPLIST_FILE = tonus/Supporting/Info.plist;
				INFOPLIST_KEY_UIApplicationSupportsIndirectInputEvents = YES;
				INFOPLIST_KEY_UILaunchStoryboardName = LaunchScreen;
				INFOPLIST_KEY_UISupportedInterfaceOrientations = UIInterfaceOrientationPortrait;
				INFOPLIST_KEY_UISupportedInterfaceOrientations_iPad = "UIInterfaceOrientationLandscapeLeft UIInterfaceOrientationLandscapeRight UIInterfaceOrientationPortrait UIInterfaceOrientationPortraitUpsideDown";
				IPHONEOS_DEPLOYMENT_TARGET = 13.0;
				LD_RUNPATH_SEARCH_PATHS = (
					"$(inherited)",
					"@executable_path/Frameworks",
				);
				MARKETING_VERSION = 1.0;
				PRODUCT_BUNDLE_IDENTIFIER = "it-ctor.tonus";
				PRODUCT_NAME = "$(TARGET_NAME)";
				SUPPORTED_PLATFORMS = "iphoneos iphonesimulator";
				SUPPORTS_MACCATALYST = NO;
				SUPPORTS_MAC_DESIGNED_FOR_IPHONE_IPAD = NO;
				SWIFT_EMIT_LOC_STRINGS = YES;
				SWIFT_VERSION = 5.0;
				TARGETED_DEVICE_FAMILY = 1;
			};
			name = Debug;
		};
		579A0C3D29A41A0A0090D715 /* Release */ = {
			isa = XCBuildConfiguration;
			buildSettings = {
				ASSETCATALOG_COMPILER_APPICON_NAME = AppIcon;
				ASSETCATALOG_COMPILER_GLOBAL_ACCENT_COLOR_NAME = AccentColor;
				CODE_SIGN_STYLE = Automatic;
				CURRENT_PROJECT_VERSION = 1;
				DEVELOPMENT_TEAM = 93HT3455DF;
				GENERATE_INFOPLIST_FILE = YES;
				INFOPLIST_FILE = tonus/Supporting/Info.plist;
				INFOPLIST_KEY_UIApplicationSupportsIndirectInputEvents = YES;
				INFOPLIST_KEY_UILaunchStoryboardName = LaunchScreen;
				INFOPLIST_KEY_UISupportedInterfaceOrientations = UIInterfaceOrientationPortrait;
				INFOPLIST_KEY_UISupportedInterfaceOrientations_iPad = "UIInterfaceOrientationLandscapeLeft UIInterfaceOrientationLandscapeRight UIInterfaceOrientationPortrait UIInterfaceOrientationPortraitUpsideDown";
				IPHONEOS_DEPLOYMENT_TARGET = 13.0;
				LD_RUNPATH_SEARCH_PATHS = (
					"$(inherited)",
					"@executable_path/Frameworks",
				);
				MARKETING_VERSION = 1.0;
				PRODUCT_BUNDLE_IDENTIFIER = "it-ctor.tonus";
				PRODUCT_NAME = "$(TARGET_NAME)";
				SUPPORTED_PLATFORMS = "iphoneos iphonesimulator";
				SUPPORTS_MACCATALYST = NO;
				SUPPORTS_MAC_DESIGNED_FOR_IPHONE_IPAD = NO;
				SWIFT_EMIT_LOC_STRINGS = YES;
				SWIFT_VERSION = 5.0;
				TARGETED_DEVICE_FAMILY = 1;
			};
			name = Release;
		};
/* End XCBuildConfiguration section */

/* Begin XCConfigurationList section */
		579A0C2229A41A080090D715 /* Build configuration list for PBXProject "tonus" */ = {
			isa = XCConfigurationList;
			buildConfigurations = (
				579A0C3929A41A0A0090D715 /* Debug */,
				579A0C3A29A41A0A0090D715 /* Release */,
			);
			defaultConfigurationIsVisible = 0;
			defaultConfigurationName = Release;
		};
		579A0C3B29A41A0A0090D715 /* Build configuration list for PBXNativeTarget "tonus" */ = {
			isa = XCConfigurationList;
			buildConfigurations = (
				579A0C3C29A41A0A0090D715 /* Debug */,
				579A0C3D29A41A0A0090D715 /* Release */,
			);
			defaultConfigurationIsVisible = 0;
			defaultConfigurationName = Release;
		};
/* End XCConfigurationList section */
	};
	rootObject = 579A0C1F29A41A080090D715 /* Project object */;
}
